# THIS IS AN AUTOGENERATED FILE. DO NOT EDIT THIS FILE DIRECTLY.
# yarn lockfile v1


big.js@^5.2.2:
  version "5.2.2"
  resolved "https://registry.yarnpkg.com/big.js/-/big.js-5.2.2.tgz#65f0af382f578bcdc742bd9c281e9cb2d7768328"
  integrity sha512-vyL2OymJxmarO8gxMr0mhChsO9QGwhynfuu4+MHTAW6czfq9humCB7rKpUjDd9YUiDPU4mzpyupFSvOClAwbmQ==

node-fpe@^1.0.0:
  version "1.0.0"
  resolved "https://registry.yarnpkg.com/node-fpe/-/node-fpe-1.0.0.tgz#ecab576e47f578934efba4e7a4827bf29286261c"
  integrity sha1-7KtXbkf1eJNO+6TnpIJ78pKGJhw=

paralleljs@^0.2.1:
  version "0.2.1"
  resolved "https://registry.yarnpkg.com/paralleljs/-/paralleljs-0.2.1.tgz#ebca745d3e09c01e2bebcc14858891ff4510e926"
  integrity sha1-68p0XT4JwB4r68wUhYiR/0UQ6SY=
